// !$*UTF8*$!
{
	archiveVersion = 1;
	classes = {
	};
	objectVersion = 56;
	objects = {

/* Begin PBXBuildFile section */
		C34AC9162BC3FCCD00D8748C /* Sadman_PowerlifterApp.swift in Sources */ = {isa = PBXBuildFile; fileRef = C34AC9152BC3FCCD00D8748C /* Sadman_PowerlifterApp.swift */; };
		C34AC91A2BC3FCD200D8748C /* Assets.xcassets in Resources */ = {isa = PBXBuildFile; fileRef = C34AC9192BC3FCD200D8748C /* Assets.xcassets */; };
		C34AC91D2BC3FCD200D8748C /* Preview Assets.xcassets in Resources */ = {isa = PBXBuildFile; fileRef = C34AC91C2BC3FCD200D8748C /* Preview Assets.xcassets */; };
		C34AC9242BC4062D00D8748C /* GoogleService-Info.plist in Resources */ = {isa = PBXBuildFile; fileRef = C34AC9232BC4062D00D8748C /* GoogleService-Info.plist */; };
		C34AC9272BC4075900D8748C /* FirebaseAnalytics in Frameworks */ = {isa = PBXBuildFile; productRef = C34AC9262BC4075900D8748C /* FirebaseAnalytics */; };
		C34AC9292BC4075900D8748C /* FirebaseAnalyticsOnDeviceConversion in Frameworks */ = {isa = PBXBuildFile; productRef = C34AC9282BC4075900D8748C /* FirebaseAnalyticsOnDeviceConversion */; };
		C34AC92B2BC4075900D8748C /* FirebaseAnalyticsSwift in Frameworks */ = {isa = PBXBuildFile; productRef = C34AC92A2BC4075900D8748C /* FirebaseAnalyticsSwift */; };
		C34AC92D2BC4075900D8748C /* FirebaseAnalyticsWithoutAdIdSupport in Frameworks */ = {isa = PBXBuildFile; productRef = C34AC92C2BC4075900D8748C /* FirebaseAnalyticsWithoutAdIdSupport */; };
		C34AC92F2BC4075900D8748C /* FirebaseAppCheck in Frameworks */ = {isa = PBXBuildFile; productRef = C34AC92E2BC4075900D8748C /* FirebaseAppCheck */; };
		C34AC9312BC4075900D8748C /* FirebaseAppDistribution-Beta in Frameworks */ = {isa = PBXBuildFile; productRef = C34AC9302BC4075900D8748C /* FirebaseAppDistribution-Beta */; };
		C34AC9332BC4075900D8748C /* FirebaseAuth in Frameworks */ = {isa = PBXBuildFile; productRef = C34AC9322BC4075900D8748C /* FirebaseAuth */; };
		C34AC9352BC4075900D8748C /* FirebaseAuthCombine-Community in Frameworks */ = {isa = PBXBuildFile; productRef = C34AC9342BC4075900D8748C /* FirebaseAuthCombine-Community */; };
		C34AC9372BC4075900D8748C /* FirebaseCrashlytics in Frameworks */ = {isa = PBXBuildFile; productRef = C34AC9362BC4075900D8748C /* FirebaseCrashlytics */; };
		C34AC9392BC4075900D8748C /* FirebaseDatabase in Frameworks */ = {isa = PBXBuildFile; productRef = C34AC9382BC4075900D8748C /* FirebaseDatabase */; };
		C34AC93B2BC4075900D8748C /* FirebaseDatabaseSwift in Frameworks */ = {isa = PBXBuildFile; productRef = C34AC93A2BC4075900D8748C /* FirebaseDatabaseSwift */; };
		C34AC93D2BC4075900D8748C /* FirebaseDynamicLinks in Frameworks */ = {isa = PBXBuildFile; productRef = C34AC93C2BC4075900D8748C /* FirebaseDynamicLinks */; };
		C34AC93F2BC4075900D8748C /* FirebaseFirestore in Frameworks */ = {isa = PBXBuildFile; productRef = C34AC93E2BC4075900D8748C /* FirebaseFirestore */; };
		C34AC9412BC4075900D8748C /* FirebaseFirestoreCombine-Community in Frameworks */ = {isa = PBXBuildFile; productRef = C34AC9402BC4075900D8748C /* FirebaseFirestoreCombine-Community */; };
		C34AC9432BC4075900D8748C /* FirebaseFirestoreSwift in Frameworks */ = {isa = PBXBuildFile; productRef = C34AC9422BC4075900D8748C /* FirebaseFirestoreSwift */; };
		C34AC9452BC4075900D8748C /* FirebaseFunctions in Frameworks */ = {isa = PBXBuildFile; productRef = C34AC9442BC4075900D8748C /* FirebaseFunctions */; };
		C34AC9472BC4075900D8748C /* FirebaseFunctionsCombine-Community in Frameworks */ = {isa = PBXBuildFile; productRef = C34AC9462BC4075900D8748C /* FirebaseFunctionsCombine-Community */; };
		C34AC9492BC4075900D8748C /* FirebaseInAppMessaging-Beta in Frameworks */ = {isa = PBXBuildFile; productRef = C34AC9482BC4075900D8748C /* FirebaseInAppMessaging-Beta */; };
		C34AC94B2BC4075900D8748C /* FirebaseInAppMessagingSwift-Beta in Frameworks */ = {isa = PBXBuildFile; productRef = C34AC94A2BC4075900D8748C /* FirebaseInAppMessagingSwift-Beta */; };
		C34AC94D2BC4075900D8748C /* FirebaseInstallations in Frameworks */ = {isa = PBXBuildFile; productRef = C34AC94C2BC4075900D8748C /* FirebaseInstallations */; };
		C34AC94F2BC4075900D8748C /* FirebaseMLModelDownloader in Frameworks */ = {isa = PBXBuildFile; productRef = C34AC94E2BC4075900D8748C /* FirebaseMLModelDownloader */; };
		C34AC9512BC4075900D8748C /* FirebaseMessaging in Frameworks */ = {isa = PBXBuildFile; productRef = C34AC9502BC4075900D8748C /* FirebaseMessaging */; };
		C34AC9532BC4075900D8748C /* FirebasePerformance in Frameworks */ = {isa = PBXBuildFile; productRef = C34AC9522BC4075900D8748C /* FirebasePerformance */; };
		C34AC9552BC4075900D8748C /* FirebaseRemoteConfig in Frameworks */ = {isa = PBXBuildFile; productRef = C34AC9542BC4075900D8748C /* FirebaseRemoteConfig */; };
		C34AC9572BC4075900D8748C /* FirebaseRemoteConfigSwift in Frameworks */ = {isa = PBXBuildFile; productRef = C34AC9562BC4075900D8748C /* FirebaseRemoteConfigSwift */; };
		C34AC9592BC4075900D8748C /* FirebaseStorage in Frameworks */ = {isa = PBXBuildFile; productRef = C34AC9582BC4075900D8748C /* FirebaseStorage */; };
		C34AC95B2BC4075900D8748C /* FirebaseStorageCombine-Community in Frameworks */ = {isa = PBXBuildFile; productRef = C34AC95A2BC4075900D8748C /* FirebaseStorageCombine-Community */; };
		C34AC95D2BC40CB700D8748C /* SignUpView.swift in Sources */ = {isa = PBXBuildFile; fileRef = C34AC95C2BC40CB700D8748C /* SignUpView.swift */; };
		C34AC9612BC40D6600D8748C /* SignUpViewModel.swift in Sources */ = {isa = PBXBuildFile; fileRef = C34AC9602BC40D6600D8748C /* SignUpViewModel.swift */; };
		C34AC9642BC40DBD00D8748C /* LoginView.swift in Sources */ = {isa = PBXBuildFile; fileRef = C34AC9632BC40DBD00D8748C /* LoginView.swift */; };
		C34AC9662BC40DE400D8748C /* LoginViewModel.swift in Sources */ = {isa = PBXBuildFile; fileRef = C34AC9652BC40DE400D8748C /* LoginViewModel.swift */; };
		C34AC96E2BC4382700D8748C /* ProfileViewModel.swift in Sources */ = {isa = PBXBuildFile; fileRef = C34AC96D2BC4382700D8748C /* ProfileViewModel.swift */; };
		C34AC9702BC4383500D8748C /* ProfileView.swift in Sources */ = {isa = PBXBuildFile; fileRef = C34AC96F2BC4383500D8748C /* ProfileView.swift */; };
		C34AC9752BC43D1600D8748C /* WorkoutView.swift in Sources */ = {isa = PBXBuildFile; fileRef = C34AC9742BC43D1600D8748C /* WorkoutView.swift */; };
		C34AC9772BC43D3100D8748C /* WorkoutViewModel.swift in Sources */ = {isa = PBXBuildFile; fileRef = C34AC9762BC43D3100D8748C /* WorkoutViewModel.swift */; };
		C34AC97A2BC43D6500D8748C /* TrackingView.swift in Sources */ = {isa = PBXBuildFile; fileRef = C34AC9792BC43D6500D8748C /* TrackingView.swift */; };
		C34AC97C2BC43D7500D8748C /* TrackingViewModel.swift in Sources */ = {isa = PBXBuildFile; fileRef = C34AC97B2BC43D7500D8748C /* TrackingViewModel.swift */; };
		C34AC97F2BC4446900D8748C /* MenuBarView.swift in Sources */ = {isa = PBXBuildFile; fileRef = C34AC97E2BC4446900D8748C /* MenuBarView.swift */; };
		C3DA08982BC8761200332936 /* OneRMView.swift in Sources */ = {isa = PBXBuildFile; fileRef = C3DA08972BC8761200332936 /* OneRMView.swift */; };
		C3DA089A2BC8763200332936 /* OneRmViewModel.swift in Sources */ = {isa = PBXBuildFile; fileRef = C3DA08992BC8763200332936 /* OneRmViewModel.swift */; };
		C3DA089C2BC87C9500332936 /* SessionManager.swift in Sources */ = {isa = PBXBuildFile; fileRef = C3DA089B2BC87C9500332936 /* SessionManager.swift */; };
/* End PBXBuildFile section */

/* Begin PBXFileReference section */
		C34AC9122BC3FCCD00D8748C /* Sadman Powerlifter.app */ = {isa = PBXFileReference; explicitFileType = wrapper.application; includeInIndex = 0; path = "Sadman Powerlifter.app"; sourceTree = BUILT_PRODUCTS_DIR; };
		C34AC9152BC3FCCD00D8748C /* Sadman_PowerlifterApp.swift */ = {isa = PBXFileReference; lastKnownFileType = sourcecode.swift; path = Sadman_PowerlifterApp.swift; sourceTree = "<group>"; };
		C34AC9192BC3FCD200D8748C /* Assets.xcassets */ = {isa = PBXFileReference; lastKnownFileType = folder.assetcatalog; path = Assets.xcassets; sourceTree = "<group>"; };
		C34AC91C2BC3FCD200D8748C /* Preview Assets.xcassets */ = {isa = PBXFileReference; lastKnownFileType = folder.assetcatalog; path = "Preview Assets.xcassets"; sourceTree = "<group>"; };
		C34AC9232BC4062D00D8748C /* GoogleService-Info.plist */ = {isa = PBXFileReference; fileEncoding = 4; lastKnownFileType = text.plist.xml; path = "GoogleService-Info.plist"; sourceTree = "<group>"; };
		C34AC95C2BC40CB700D8748C /* SignUpView.swift */ = {isa = PBXFileReference; lastKnownFileType = sourcecode.swift; path = SignUpView.swift; sourceTree = "<group>"; };
		C34AC9602BC40D6600D8748C /* SignUpViewModel.swift */ = {isa = PBXFileReference; lastKnownFileType = sourcecode.swift; path = SignUpViewModel.swift; sourceTree = "<group>"; };
		C34AC9632BC40DBD00D8748C /* LoginView.swift */ = {isa = PBXFileReference; lastKnownFileType = sourcecode.swift; path = LoginView.swift; sourceTree = "<group>"; };
		C34AC9652BC40DE400D8748C /* LoginViewModel.swift */ = {isa = PBXFileReference; lastKnownFileType = sourcecode.swift; path = LoginViewModel.swift; sourceTree = "<group>"; };
		C34AC96D2BC4382700D8748C /* ProfileViewModel.swift */ = {isa = PBXFileReference; lastKnownFileType = sourcecode.swift; path = ProfileViewModel.swift; sourceTree = "<group>"; };
		C34AC96F2BC4383500D8748C /* ProfileView.swift */ = {isa = PBXFileReference; lastKnownFileType = sourcecode.swift; path = ProfileView.swift; sourceTree = "<group>"; };
		C34AC9742BC43D1600D8748C /* WorkoutView.swift */ = {isa = PBXFileReference; lastKnownFileType = sourcecode.swift; path = WorkoutView.swift; sourceTree = "<group>"; };
		C34AC9762BC43D3100D8748C /* WorkoutViewModel.swift */ = {isa = PBXFileReference; lastKnownFileType = sourcecode.swift; path = WorkoutViewModel.swift; sourceTree = "<group>"; };
		C34AC9792BC43D6500D8748C /* TrackingView.swift */ = {isa = PBXFileReference; lastKnownFileType = sourcecode.swift; path = TrackingView.swift; sourceTree = "<group>"; };
		C34AC97B2BC43D7500D8748C /* TrackingViewModel.swift */ = {isa = PBXFileReference; lastKnownFileType = sourcecode.swift; path = TrackingViewModel.swift; sourceTree = "<group>"; };
		C34AC97E2BC4446900D8748C /* MenuBarView.swift */ = {isa = PBXFileReference; lastKnownFileType = sourcecode.swift; path = MenuBarView.swift; sourceTree = "<group>"; };
		C3DA08972BC8761200332936 /* OneRMView.swift */ = {isa = PBXFileReference; lastKnownFileType = sourcecode.swift; path = OneRMView.swift; sourceTree = "<group>"; };
		C3DA08992BC8763200332936 /* OneRmViewModel.swift */ = {isa = PBXFileReference; lastKnownFileType = sourcecode.swift; path = OneRmViewModel.swift; sourceTree = "<group>"; };
		C3DA089B2BC87C9500332936 /* SessionManager.swift */ = {isa = PBXFileReference; lastKnownFileType = sourcecode.swift; path = SessionManager.swift; sourceTree = "<group>"; };
/* End PBXFileReference section */

/* Begin PBXFrameworksBuildPhase section */
		C34AC90F2BC3FCCD00D8748C /* Frameworks */ = {
			isa = PBXFrameworksBuildPhase;
			buildActionMask = 2147483647;
			files = (
				C34AC9392BC4075900D8748C /* FirebaseDatabase in Frameworks */,
				C34AC9472BC4075900D8748C /* FirebaseFunctionsCombine-Community in Frameworks */,
				C34AC93F2BC4075900D8748C /* FirebaseFirestore in Frameworks */,
				C34AC92B2BC4075900D8748C /* FirebaseAnalyticsSwift in Frameworks */,
				C34AC9272BC4075900D8748C /* FirebaseAnalytics in Frameworks */,
				C34AC9292BC4075900D8748C /* FirebaseAnalyticsOnDeviceConversion in Frameworks */,
				C34AC94F2BC4075900D8748C /* FirebaseMLModelDownloader in Frameworks */,
				C34AC9432BC4075900D8748C /* FirebaseFirestoreSwift in Frameworks */,
				C34AC92F2BC4075900D8748C /* FirebaseAppCheck in Frameworks */,
				C34AC92D2BC4075900D8748C /* FirebaseAnalyticsWithoutAdIdSupport in Frameworks */,
				C34AC9332BC4075900D8748C /* FirebaseAuth in Frameworks */,
				C34AC9372BC4075900D8748C /* FirebaseCrashlytics in Frameworks */,
				C34AC9572BC4075900D8748C /* FirebaseRemoteConfigSwift in Frameworks */,
				C34AC9492BC4075900D8748C /* FirebaseInAppMessaging-Beta in Frameworks */,
				C34AC93B2BC4075900D8748C /* FirebaseDatabaseSwift in Frameworks */,
				C34AC9452BC4075900D8748C /* FirebaseFunctions in Frameworks */,
				C34AC95B2BC4075900D8748C /* FirebaseStorageCombine-Community in Frameworks */,
				C34AC9552BC4075900D8748C /* FirebaseRemoteConfig in Frameworks */,
				C34AC9312BC4075900D8748C /* FirebaseAppDistribution-Beta in Frameworks */,
				C34AC9352BC4075900D8748C /* FirebaseAuthCombine-Community in Frameworks */,
				C34AC9532BC4075900D8748C /* FirebasePerformance in Frameworks */,
				C34AC94B2BC4075900D8748C /* FirebaseInAppMessagingSwift-Beta in Frameworks */,
				C34AC9592BC4075900D8748C /* FirebaseStorage in Frameworks */,
				C34AC93D2BC4075900D8748C /* FirebaseDynamicLinks in Frameworks */,
				C34AC9412BC4075900D8748C /* FirebaseFirestoreCombine-Community in Frameworks */,
				C34AC9512BC4075900D8748C /* FirebaseMessaging in Frameworks */,
				C34AC94D2BC4075900D8748C /* FirebaseInstallations in Frameworks */,
			);
			runOnlyForDeploymentPostprocessing = 0;
		};
/* End PBXFrameworksBuildPhase section */

/* Begin PBXGroup section */
		C34AC9092BC3FCCC00D8748C = {
			isa = PBXGroup;
			children = (
				C34AC9142BC3FCCD00D8748C /* Sadman Powerlifter */,
				C34AC9132BC3FCCD00D8748C /* Products */,
			);
			sourceTree = "<group>";
		};
		C34AC9132BC3FCCD00D8748C /* Products */ = {
			isa = PBXGroup;
			children = (
				C34AC9122BC3FCCD00D8748C /* Sadman Powerlifter.app */,
			);
			name = Products;
			sourceTree = "<group>";
		};
		C34AC9142BC3FCCD00D8748C /* Sadman Powerlifter */ = {
			isa = PBXGroup;
			children = (
				C34AC9672BC40DEA00D8748C /* Login */,
				C34AC9622BC40D7C00D8748C /* SignUp */,
				C34AC9782BC43D3700D8748C /* WorkoutView */,
				C3DA08922BC8750A00332936 /* OneRM */,
				C34AC97D2BC43D7A00D8748C /* TrackingView */,
				C34AC9712BC4383C00D8748C /* Profile */,
				C34AC9152BC3FCCD00D8748C /* Sadman_PowerlifterApp.swift */,
				C34AC97E2BC4446900D8748C /* MenuBarView.swift */,
				C3DA089B2BC87C9500332936 /* SessionManager.swift */,
				C34AC9192BC3FCD200D8748C /* Assets.xcassets */,
				C34AC9232BC4062D00D8748C /* GoogleService-Info.plist */,
				C34AC91B2BC3FCD200D8748C /* Preview Content */,
			);
			path = "Sadman Powerlifter";
			sourceTree = "<group>";
		};
		C34AC91B2BC3FCD200D8748C /* Preview Content */ = {
			isa = PBXGroup;
			children = (
				C34AC91C2BC3FCD200D8748C /* Preview Assets.xcassets */,
			);
			path = "Preview Content";
			sourceTree = "<group>";
		};
		C34AC9622BC40D7C00D8748C /* SignUp */ = {
			isa = PBXGroup;
			children = (
				C34AC95C2BC40CB700D8748C /* SignUpView.swift */,
				C34AC9602BC40D6600D8748C /* SignUpViewModel.swift */,
			);
			path = SignUp;
			sourceTree = "<group>";
		};
		C34AC9672BC40DEA00D8748C /* Login */ = {
			isa = PBXGroup;
			children = (
				C34AC9632BC40DBD00D8748C /* LoginView.swift */,
				C34AC9652BC40DE400D8748C /* LoginViewModel.swift */,
			);
			path = Login;
			sourceTree = "<group>";
		};
		C34AC9712BC4383C00D8748C /* Profile */ = {
			isa = PBXGroup;
			children = (
				C34AC96F2BC4383500D8748C /* ProfileView.swift */,
				C34AC96D2BC4382700D8748C /* ProfileViewModel.swift */,
			);
			path = Profile;
			sourceTree = "<group>";
		};
		C34AC9782BC43D3700D8748C /* WorkoutView */ = {
			isa = PBXGroup;
			children = (
				C34AC9742BC43D1600D8748C /* WorkoutView.swift */,
				C34AC9762BC43D3100D8748C /* WorkoutViewModel.swift */,
			);
			path = WorkoutView;
			sourceTree = "<group>";
		};
		C34AC97D2BC43D7A00D8748C /* TrackingView */ = {
			isa = PBXGroup;
			children = (
				C34AC9792BC43D6500D8748C /* TrackingView.swift */,
				C34AC97B2BC43D7500D8748C /* TrackingViewModel.swift */,
			);
			path = TrackingView;
			sourceTree = "<group>";
		};
		C3DA08922BC8750A00332936 /* OneRM */ = {
			isa = PBXGroup;
			children = (
				C3DA08972BC8761200332936 /* OneRMView.swift */,
				C3DA08992BC8763200332936 /* OneRmViewModel.swift */,
			);
			path = OneRM;
			sourceTree = "<group>";
		};
/* End PBXGroup section */

/* Begin PBXNativeTarget section */
		C34AC9112BC3FCCD00D8748C /* Sadman Powerlifter */ = {
			isa = PBXNativeTarget;
			buildConfigurationList = C34AC9202BC3FCD200D8748C /* Build configuration list for PBXNativeTarget "Sadman Powerlifter" */;
			buildPhases = (
				C34AC90E2BC3FCCD00D8748C /* Sources */,
				C34AC90F2BC3FCCD00D8748C /* Frameworks */,
				C34AC9102BC3FCCD00D8748C /* Resources */,
			);
			buildRules = (
			);
			dependencies = (
			);
			name = "Sadman Powerlifter";
			packageProductDependencies = (
				C34AC9262BC4075900D8748C /* FirebaseAnalytics */,
				C34AC9282BC4075900D8748C /* FirebaseAnalyticsOnDeviceConversion */,
				C34AC92A2BC4075900D8748C /* FirebaseAnalyticsSwift */,
				C34AC92C2BC4075900D8748C /* FirebaseAnalyticsWithoutAdIdSupport */,
				C34AC92E2BC4075900D8748C /* FirebaseAppCheck */,
				C34AC9302BC4075900D8748C /* FirebaseAppDistribution-Beta */,
				C34AC9322BC4075900D8748C /* FirebaseAuth */,
				C34AC9342BC4075900D8748C /* FirebaseAuthCombine-Community */,
				C34AC9362BC4075900D8748C /* FirebaseCrashlytics */,
				C34AC9382BC4075900D8748C /* FirebaseDatabase */,
				C34AC93A2BC4075900D8748C /* FirebaseDatabaseSwift */,
				C34AC93C2BC4075900D8748C /* FirebaseDynamicLinks */,
				C34AC93E2BC4075900D8748C /* FirebaseFirestore */,
				C34AC9402BC4075900D8748C /* FirebaseFirestoreCombine-Community */,
				C34AC9422BC4075900D8748C /* FirebaseFirestoreSwift */,
				C34AC9442BC4075900D8748C /* FirebaseFunctions */,
				C34AC9462BC4075900D8748C /* FirebaseFunctionsCombine-Community */,
				C34AC9482BC4075900D8748C /* FirebaseInAppMessaging-Beta */,
				C34AC94A2BC4075900D8748C /* FirebaseInAppMessagingSwift-Beta */,
				C34AC94C2BC4075900D8748C /* FirebaseInstallations */,
				C34AC94E2BC4075900D8748C /* FirebaseMLModelDownloader */,
				C34AC9502BC4075900D8748C /* FirebaseMessaging */,
				C34AC9522BC4075900D8748C /* FirebasePerformance */,
				C34AC9542BC4075900D8748C /* FirebaseRemoteConfig */,
				C34AC9562BC4075900D8748C /* FirebaseRemoteConfigSwift */,
				C34AC9582BC4075900D8748C /* FirebaseStorage */,
				C34AC95A2BC4075900D8748C /* FirebaseStorageCombine-Community */,
			);
			productName = "Sadman Powerlifter";
			productReference = C34AC9122BC3FCCD00D8748C /* Sadman Powerlifter.app */;
			productType = "com.apple.product-type.application";
		};
/* End PBXNativeTarget section */

/* Begin PBXProject section */
		C34AC90A2BC3FCCC00D8748C /* Project object */ = {
			isa = PBXProject;
			attributes = {
				BuildIndependentTargetsInParallel = 1;
				LastSwiftUpdateCheck = 1520;
				LastUpgradeCheck = 1520;
				TargetAttributes = {
					C34AC9112BC3FCCD00D8748C = {
						CreatedOnToolsVersion = 15.2;
					};
				};
			};
			buildConfigurationList = C34AC90D2BC3FCCC00D8748C /* Build configuration list for PBXProject "Sadman Powerlifter" */;
			compatibilityVersion = "Xcode 14.0";
			developmentRegion = en;
			hasScannedForEncodings = 0;
			knownRegions = (
				en,
				Base,
			);
			mainGroup = C34AC9092BC3FCCC00D8748C;
			packageReferences = (
				C34AC9252BC4075900D8748C /* XCRemoteSwiftPackageReference "firebase-ios-sdk" */,
			);
			productRefGroup = C34AC9132BC3FCCD00D8748C /* Products */;
			projectDirPath = "";
			projectRoot = "";
			targets = (
				C34AC9112BC3FCCD00D8748C /* Sadman Powerlifter */,
			);
		};
/* End PBXProject section */

/* Begin PBXResourcesBuildPhase section */
		C34AC9102BC3FCCD00D8748C /* Resources */ = {
			isa = PBXResourcesBuildPhase;
			buildActionMask = 2147483647;
			files = (
				C34AC91D2BC3FCD200D8748C /* Preview Assets.xcassets in Resources */,
				C34AC91A2BC3FCD200D8748C /* Assets.xcassets in Resources */,
				C34AC9242BC4062D00D8748C /* GoogleService-Info.plist in Resources */,
			);
			runOnlyForDeploymentPostprocessing = 0;
		};
/* End PBXResourcesBuildPhase section */

/* Begin PBXSourcesBuildPhase section */
		C34AC90E2BC3FCCD00D8748C /* Sources */ = {
			isa = PBXSourcesBuildPhase;
			buildActionMask = 2147483647;
			files = (
				C34AC9772BC43D3100D8748C /* WorkoutViewModel.swift in Sources */,
				C3DA08982BC8761200332936 /* OneRMView.swift in Sources */,
				C34AC9702BC4383500D8748C /* ProfileView.swift in Sources */,
				C34AC97C2BC43D7500D8748C /* TrackingViewModel.swift in Sources */,
				C34AC95D2BC40CB700D8748C /* SignUpView.swift in Sources */,
				C34AC96E2BC4382700D8748C /* ProfileViewModel.swift in Sources */,
				C3DA089A2BC8763200332936 /* OneRmViewModel.swift in Sources */,
				C34AC97A2BC43D6500D8748C /* TrackingView.swift in Sources */,
				C3DA089C2BC87C9500332936 /* SessionManager.swift in Sources */,
				C34AC9662BC40DE400D8748C /* LoginViewModel.swift in Sources */,
				C34AC97F2BC4446900D8748C /* MenuBarView.swift in Sources */,
				C34AC9612BC40D6600D8748C /* SignUpViewModel.swift in Sources */,
				C34AC9642BC40DBD00D8748C /* LoginView.swift in Sources */,
				C34AC9752BC43D1600D8748C /* WorkoutView.swift in Sources */,
				C34AC9162BC3FCCD00D8748C /* Sadman_PowerlifterApp.swift in Sources */,
			);
			runOnlyForDeploymentPostprocessing = 0;
		};
/* End PBXSourcesBuildPhase section */

/* Begin XCBuildConfiguration section */
		C34AC91E2BC3FCD200D8748C /* Debug */ = {
			isa = XCBuildConfiguration;
			buildSettings = {
				ALWAYS_SEARCH_USER_PATHS = NO;
				ASSETCATALOG_COMPILER_GENERATE_SWIFT_ASSET_SYMBOL_EXTENSIONS = YES;
				CLANG_ANALYZER_NONNULL = YES;
				CLANG_ANALYZER_NUMBER_OBJECT_CONVERSION = YES_AGGRESSIVE;
				CLANG_CXX_LANGUAGE_STANDARD = "gnu++20";
				CLANG_ENABLE_MODULES = YES;
				CLANG_ENABLE_OBJC_ARC = YES;
				CLANG_ENABLE_OBJC_WEAK = YES;
				CLANG_WARN_BLOCK_CAPTURE_AUTORELEASING = YES;
				CLANG_WARN_BOOL_CONVERSION = YES;
				CLANG_WARN_COMMA = YES;
				CLANG_WARN_CONSTANT_CONVERSION = YES;
				CLANG_WARN_DEPRECATED_OBJC_IMPLEMENTATIONS = YES;
				CLANG_WARN_DIRECT_OBJC_ISA_USAGE = YES_ERROR;
				CLANG_WARN_DOCUMENTATION_COMMENTS = YES;
				CLANG_WARN_EMPTY_BODY = YES;
				CLANG_WARN_ENUM_CONVERSION = YES;
				CLANG_WARN_INFINITE_RECURSION = YES;
				CLANG_WARN_INT_CONVERSION = YES;
				CLANG_WARN_NON_LITERAL_NULL_CONVERSION = YES;
				CLANG_WARN_OBJC_IMPLICIT_RETAIN_SELF = YES;
				CLANG_WARN_OBJC_LITERAL_CONVERSION = YES;
				CLANG_WARN_OBJC_ROOT_CLASS = YES_ERROR;
				CLANG_WARN_QUOTED_INCLUDE_IN_FRAMEWORK_HEADER = YES;
				CLANG_WARN_RANGE_LOOP_ANALYSIS = YES;
				CLANG_WARN_STRICT_PROTOTYPES = YES;
				CLANG_WARN_SUSPICIOUS_MOVE = YES;
				CLANG_WARN_UNGUARDED_AVAILABILITY = YES_AGGRESSIVE;
				CLANG_WARN_UNREACHABLE_CODE = YES;
				CLANG_WARN__DUPLICATE_METHOD_MATCH = YES;
				COPY_PHASE_STRIP = NO;
				DEBUG_INFORMATION_FORMAT = dwarf;
				ENABLE_STRICT_OBJC_MSGSEND = YES;
				ENABLE_TESTABILITY = YES;
				ENABLE_USER_SCRIPT_SANDBOXING = YES;
				GCC_C_LANGUAGE_STANDARD = gnu17;
				GCC_DYNAMIC_NO_PIC = NO;
				GCC_NO_COMMON_BLOCKS = YES;
				GCC_OPTIMIZATION_LEVEL = 0;
				GCC_PREPROCESSOR_DEFINITIONS = (
					"DEBUG=1",
					"$(inherited)",
				);
				GCC_WARN_64_TO_32_BIT_CONVERSION = YES;
				GCC_WARN_ABOUT_RETURN_TYPE = YES_ERROR;
				GCC_WARN_UNDECLARED_SELECTOR = YES;
				GCC_WARN_UNINITIALIZED_AUTOS = YES_AGGRESSIVE;
				GCC_WARN_UNUSED_FUNCTION = YES;
				GCC_WARN_UNUSED_VARIABLE = YES;
				IPHONEOS_DEPLOYMENT_TARGET = 17.0;
				LOCALIZATION_PREFERS_STRING_CATALOGS = YES;
				MTL_ENABLE_DEBUG_INFO = INCLUDE_SOURCE;
				MTL_FAST_MATH = YES;
				ONLY_ACTIVE_ARCH = YES;
				SDKROOT = iphoneos;
				SWIFT_ACTIVE_COMPILATION_CONDITIONS = "DEBUG $(inherited)";
				SWIFT_OPTIMIZATION_LEVEL = "-Onone";
			};
			name = Debug;
		};
		C34AC91F2BC3FCD200D8748C /* Release */ = {
			isa = XCBuildConfiguration;
			buildSettings = {
				ALWAYS_SEARCH_USER_PATHS = NO;
				ASSETCATALOG_COMPILER_GENERATE_SWIFT_ASSET_SYMBOL_EXTENSIONS = YES;
				CLANG_ANALYZER_NONNULL = YES;
				CLANG_ANALYZER_NUMBER_OBJECT_CONVERSION = YES_AGGRESSIVE;
				CLANG_CXX_LANGUAGE_STANDARD = "gnu++20";
				CLANG_ENABLE_MODULES = YES;
				CLANG_ENABLE_OBJC_ARC = YES;
				CLANG_ENABLE_OBJC_WEAK = YES;
				CLANG_WARN_BLOCK_CAPTURE_AUTORELEASING = YES;
				CLANG_WARN_BOOL_CONVERSION = YES;
				CLANG_WARN_COMMA = YES;
				CLANG_WARN_CONSTANT_CONVERSION = YES;
				CLANG_WARN_DEPRECATED_OBJC_IMPLEMENTATIONS = YES;
				CLANG_WARN_DIRECT_OBJC_ISA_USAGE = YES_ERROR;
				CLANG_WARN_DOCUMENTATION_COMMENTS = YES;
				CLANG_WARN_EMPTY_BODY = YES;
				CLANG_WARN_ENUM_CONVERSION = YES;
				CLANG_WARN_INFINITE_RECURSION = YES;
				CLANG_WARN_INT_CONVERSION = YES;
				CLANG_WARN_NON_LITERAL_NULL_CONVERSION = YES;
				CLANG_WARN_OBJC_IMPLICIT_RETAIN_SELF = YES;
				CLANG_WARN_OBJC_LITERAL_CONVERSION = YES;
				CLANG_WARN_OBJC_ROOT_CLASS = YES_ERROR;
				CLANG_WARN_QUOTED_INCLUDE_IN_FRAMEWORK_HEADER = YES;
				CLANG_WARN_RANGE_LOOP_ANALYSIS = YES;
				CLANG_WARN_STRICT_PROTOTYPES = YES;
				CLANG_WARN_SUSPICIOUS_MOVE = YES;
				CLANG_WARN_UNGUARDED_AVAILABILITY = YES_AGGRESSIVE;
				CLANG_WARN_UNREACHABLE_CODE = YES;
				CLANG_WARN__DUPLICATE_METHOD_MATCH = YES;
				COPY_PHASE_STRIP = NO;
				DEBUG_INFORMATION_FORMAT = "dwarf-with-dsym";
				ENABLE_NS_ASSERTIONS = NO;
				ENABLE_STRICT_OBJC_MSGSEND = YES;
				ENABLE_USER_SCRIPT_SANDBOXING = YES;
				GCC_C_LANGUAGE_STANDARD = gnu17;
				GCC_NO_COMMON_BLOCKS = YES;
				GCC_WARN_64_TO_32_BIT_CONVERSION = YES;
				GCC_WARN_ABOUT_RETURN_TYPE = YES_ERROR;
				GCC_WARN_UNDECLARED_SELECTOR = YES;
				GCC_WARN_UNINITIALIZED_AUTOS = YES_AGGRESSIVE;
				GCC_WARN_UNUSED_FUNCTION = YES;
				GCC_WARN_UNUSED_VARIABLE = YES;
				IPHONEOS_DEPLOYMENT_TARGET = 17.0;
				LOCALIZATION_PREFERS_STRING_CATALOGS = YES;
				MTL_ENABLE_DEBUG_INFO = NO;
				MTL_FAST_MATH = YES;
				SDKROOT = iphoneos;
				SWIFT_COMPILATION_MODE = wholemodule;
				VALIDATE_PRODUCT = YES;
			};
			name = Release;
		};
		C34AC9212BC3FCD200D8748C /* Debug */ = {
			isa = XCBuildConfiguration;
			buildSettings = {
				ASSETCATALOG_COMPILER_APPICON_NAME = AppIcon;
				ASSETCATALOG_COMPILER_GLOBAL_ACCENT_COLOR_NAME = AccentColor;
				CODE_SIGN_STYLE = Automatic;
				CURRENT_PROJECT_VERSION = 1;
				DEVELOPMENT_ASSET_PATHS = "\"Sadman Powerlifter/Preview Content\"";
				ENABLE_PREVIEWS = YES;
				GENERATE_INFOPLIST_FILE = YES;
				INFOPLIST_KEY_UIApplicationSceneManifest_Generation = YES;
				INFOPLIST_KEY_UIApplicationSupportsIndirectInputEvents = YES;
				INFOPLIST_KEY_UILaunchScreen_Generation = YES;
				INFOPLIST_KEY_UISupportedInterfaceOrientations_iPad = "UIInterfaceOrientationPortrait UIInterfaceOrientationPortraitUpsideDown UIInterfaceOrientationLandscapeLeft UIInterfaceOrientationLandscapeRight";
				INFOPLIST_KEY_UISupportedInterfaceOrientations_iPhone = "UIInterfaceOrientationPortrait UIInterfaceOrientationLandscapeLeft UIInterfaceOrientationLandscapeRight";
				LD_RUNPATH_SEARCH_PATHS = (
					"$(inherited)",
					"@executable_path/Frameworks",
				);
				MARKETING_VERSION = 1.0;
				PRODUCT_BUNDLE_IDENTIFIER = "com.sadmank.Sadman-Powerlifter";
				PRODUCT_NAME = "$(TARGET_NAME)";
				SWIFT_EMIT_LOC_STRINGS = YES;
				SWIFT_VERSION = 5.0;
				TARGETED_DEVICE_FAMILY = "1,2";
			};
			name = Debug;
		};
		C34AC9222BC3FCD200D8748C /* Release */ = {
			isa = XCBuildConfiguration;
			buildSettings = {
				ASSETCATALOG_COMPILER_APPICON_NAME = AppIcon;
				ASSETCATALOG_COMPILER_GLOBAL_ACCENT_COLOR_NAME = AccentColor;
				CODE_SIGN_STYLE = Automatic;
				CURRENT_PROJECT_VERSION = 1;
				DEVELOPMENT_ASSET_PATHS = "\"Sadman Powerlifter/Preview Content\"";
				ENABLE_PREVIEWS = YES;
				GENERATE_INFOPLIST_FILE = YES;
				INFOPLIST_KEY_UIApplicationSceneManifest_Generation = YES;
				INFOPLIST_KEY_UIApplicationSupportsIndirectInputEvents = YES;
				INFOPLIST_KEY_UILaunchScreen_Generation = YES;
				INFOPLIST_KEY_UISupportedInterfaceOrientations_iPad = "UIInterfaceOrientationPortrait UIInterfaceOrientationPortraitUpsideDown UIInterfaceOrientationLandscapeLeft UIInterfaceOrientationLandscapeRight";
				INFOPLIST_KEY_UISupportedInterfaceOrientations_iPhone = "UIInterfaceOrientationPortrait UIInterfaceOrientationLandscapeLeft UIInterfaceOrientationLandscapeRight";
				LD_RUNPATH_SEARCH_PATHS = (
					"$(inherited)",
					"@executable_path/Frameworks",
				);
				MARKETING_VERSION = 1.0;
				PRODUCT_BUNDLE_IDENTIFIER = "com.sadmank.Sadman-Powerlifter";
				PRODUCT_NAME = "$(TARGET_NAME)";
				SWIFT_EMIT_LOC_STRINGS = YES;
				SWIFT_VERSION = 5.0;
				TARGETED_DEVICE_FAMILY = "1,2";
			};
			name = Release;
		};
/* End XCBuildConfiguration section */

/* Begin XCConfigurationList section */
		C34AC90D2BC3FCCC00D8748C /* Build configuration list for PBXProject "Sadman Powerlifter" */ = {
			isa = XCConfigurationList;
			buildConfigurations = (
				C34AC91E2BC3FCD200D8748C /* Debug */,
				C34AC91F2BC3FCD200D8748C /* Release */,
			);
			defaultConfigurationIsVisible = 0;
			defaultConfigurationName = Release;
		};
		C34AC9202BC3FCD200D8748C /* Build configuration list for PBXNativeTarget "Sadman Powerlifter" */ = {
			isa = XCConfigurationList;
			buildConfigurations = (
				C34AC9212BC3FCD200D8748C /* Debug */,
				C34AC9222BC3FCD200D8748C /* Release */,
			);
			defaultConfigurationIsVisible = 0;
			defaultConfigurationName = Release;
		};
/* End XCConfigurationList section */

/* Begin XCRemoteSwiftPackageReference section */
		C34AC9252BC4075900D8748C /* XCRemoteSwiftPackageReference "firebase-ios-sdk" */ = {
			isa = XCRemoteSwiftPackageReference;
			repositoryURL = "https://github.com/firebase/firebase-ios-sdk";
			requirement = {
				kind = upToNextMajorVersion;
				minimumVersion = 10.23.1;
			};
		};
/* End XCRemoteSwiftPackageReference section */

/* Begin XCSwiftPackageProductDependency section */
		C34AC9262BC4075900D8748C /* FirebaseAnalytics */ = {
			isa = XCSwiftPackageProductDependency;
			package = C34AC9252BC4075900D8748C /* XCRemoteSwiftPackageReference "firebase-ios-sdk" */;
			productName = FirebaseAnalytics;
		};
		C34AC9282BC4075900D8748C /* FirebaseAnalyticsOnDeviceConversion */ = {
			isa = XCSwiftPackageProductDependency;
			package = C34AC9252BC4075900D8748C /* XCRemoteSwiftPackageReference "firebase-ios-sdk" */;
			productName = FirebaseAnalyticsOnDeviceConversion;
		};
		C34AC92A2BC4075900D8748C /* FirebaseAnalyticsSwift */ = {
			isa = XCSwiftPackageProductDependency;
			package = C34AC9252BC4075900D8748C /* XCRemoteSwiftPackageReference "firebase-ios-sdk" */;
			productName = FirebaseAnalyticsSwift;
		};
		C34AC92C2BC4075900D8748C /* FirebaseAnalyticsWithoutAdIdSupport */ = {
			isa = XCSwiftPackageProductDependency;
			package = C34AC9252BC4075900D8748C /* XCRemoteSwiftPackageReference "firebase-ios-sdk" */;
			productName = FirebaseAnalyticsWithoutAdIdSupport;
		};
		C34AC92E2BC4075900D8748C /* FirebaseAppCheck */ = {
			isa = XCSwiftPackageProductDependency;
			package = C34AC9252BC4075900D8748C /* XCRemoteSwiftPackageReference "firebase-ios-sdk" */;
			productName = FirebaseAppCheck;
		};
		C34AC9302BC4075900D8748C /* FirebaseAppDistribution-Beta */ = {
			isa = XCSwiftPackageProductDependency;
			package = C34AC9252BC4075900D8748C /* XCRemoteSwiftPackageReference "firebase-ios-sdk" */;
			productName = "FirebaseAppDistribution-Beta";
		};
		C34AC9322BC4075900D8748C /* FirebaseAuth */ = {
			isa = XCSwiftPackageProductDependency;
			package = C34AC9252BC4075900D8748C /* XCRemoteSwiftPackageReference "firebase-ios-sdk" */;
			productName = FirebaseAuth;
		};
		C34AC9342BC4075900D8748C /* FirebaseAuthCombine-Community */ = {
			isa = XCSwiftPackageProductDependency;
			package = C34AC9252BC4075900D8748C /* XCRemoteSwiftPackageReference "firebase-ios-sdk" */;
			productName = "FirebaseAuthCombine-Community";
		};
		C34AC9362BC4075900D8748C /* FirebaseCrashlytics */ = {
			isa = XCSwiftPackageProductDependency;
			package = C34AC9252BC4075900D8748C /* XCRemoteSwiftPackageReference "firebase-ios-sdk" */;
			productName = FirebaseCrashlytics;
		};
		C34AC9382BC4075900D8748C /* FirebaseDatabase */ = {
			isa = XCSwiftPackageProductDependency;
			package = C34AC9252BC4075900D8748C /* XCRemoteSwiftPackageReference "firebase-ios-sdk" */;
			productName = FirebaseDatabase;
		};
		C34AC93A2BC4075900D8748C /* FirebaseDatabaseSwift */ = {
			isa = XCSwiftPackageProductDependency;
			package = C34AC9252BC4075900D8748C /* XCRemoteSwiftPackageReference "firebase-ios-sdk" */;
			productName = FirebaseDatabaseSwift;
		};
		C34AC93C2BC4075900D8748C /* FirebaseDynamicLinks */ = {
			isa = XCSwiftPackageProductDependency;
			package = C34AC9252BC4075900D8748C /* XCRemoteSwiftPackageReference "firebase-ios-sdk" */;
			productName = FirebaseDynamicLinks;
		};
		C34AC93E2BC4075900D8748C /* FirebaseFirestore */ = {
			isa = XCSwiftPackageProductDependency;
			package = C34AC9252BC4075900D8748C /* XCRemoteSwiftPackageReference "firebase-ios-sdk" */;
			productName = FirebaseFirestore;
		};
		C34AC9402BC4075900D8748C /* FirebaseFirestoreCombine-Community */ = {
			isa = XCSwiftPackageProductDependency;
			package = C34AC9252BC4075900D8748C /* XCRemoteSwiftPackageReference "firebase-ios-sdk" */;
			productName = "FirebaseFirestoreCombine-Community";
		};
		C34AC9422BC4075900D8748C /* FirebaseFirestoreSwift */ = {
			isa = XCSwiftPackageProductDependency;
			package = C34AC9252BC4075900D8748C /* XCRemoteSwiftPackageReference "firebase-ios-sdk" */;
			productName = FirebaseFirestoreSwift;
		};
		C34AC9442BC4075900D8748C /* FirebaseFunctions */ = {
			isa = XCSwiftPackageProductDependency;
			package = C34AC9252BC4075900D8748C /* XCRemoteSwiftPackageReference "firebase-ios-sdk" */;
			productName = FirebaseFunctions;
		};
		C34AC9462BC4075900D8748C /* FirebaseFunctionsCombine-Community */ = {
			isa = XCSwiftPackageProductDependency;
			package = C34AC9252BC4075900D8748C /* XCRemoteSwiftPackageReference "firebase-ios-sdk" */;
			productName = "FirebaseFunctionsCombine-Community";
		};
		C34AC9482BC4075900D8748C /* FirebaseInAppMessaging-Beta */ = {
			isa = XCSwiftPackageProductDependency;
			package = C34AC9252BC4075900D8748C /* XCRemoteSwiftPackageReference "firebase-ios-sdk" */;
			productName = "FirebaseInAppMessaging-Beta";
		};
		C34AC94A2BC4075900D8748C /* FirebaseInAppMessagingSwift-Beta */ = {
			isa = XCSwiftPackageProductDependency;
			package = C34AC9252BC4075900D8748C /* XCRemoteSwiftPackageReference "firebase-ios-sdk" */;
			productName = "FirebaseInAppMessagingSwift-Beta";
		};
		C34AC94C2BC4075900D8748C /* FirebaseInstallations */ = {
			isa = XCSwiftPackageProductDependency;
			package = C34AC9252BC4075900D8748C /* XCRemoteSwiftPackageReference "firebase-ios-sdk" */;
			productName = FirebaseInstallations;
		};
		C34AC94E2BC4075900D8748C /* FirebaseMLModelDownloader */ = {
			isa = XCSwiftPackageProductDependency;
			package = C34AC9252BC4075900D8748C /* XCRemoteSwiftPackageReference "firebase-ios-sdk" */;
			productName = FirebaseMLModelDownloader;
		};
		C34AC9502BC4075900D8748C /* FirebaseMessaging */ = {
			isa = XCSwiftPackageProductDependency;
			package = C34AC9252BC4075900D8748C /* XCRemoteSwiftPackageReference "firebase-ios-sdk" */;
			productName = FirebaseMessaging;
		};
		C34AC9522BC4075900D8748C /* FirebasePerformance */ = {
			isa = XCSwiftPackageProductDependency;
			package = C34AC9252BC4075900D8748C /* XCRemoteSwiftPackageReference "firebase-ios-sdk" */;
			productName = FirebasePerformance;
		};
		C34AC9542BC4075900D8748C /* FirebaseRemoteConfig */ = {
			isa = XCSwiftPackageProductDependency;
			package = C34AC9252BC4075900D8748C /* XCRemoteSwiftPackageReference "firebase-ios-sdk" */;
			productName = FirebaseRemoteConfig;
		};
		C34AC9562BC4075900D8748C /* FirebaseRemoteConfigSwift */ = {
			isa = XCSwiftPackageProductDependency;
			package = C34AC9252BC4075900D8748C /* XCRemoteSwiftPackageReference "firebase-ios-sdk" */;
			productName = FirebaseRemoteConfigSwift;
		};
		C34AC9582BC4075900D8748C /* FirebaseStorage */ = {
			isa = XCSwiftPackageProductDependency;
			package = C34AC9252BC4075900D8748C /* XCRemoteSwiftPackageReference "firebase-ios-sdk" */;
			productName = FirebaseStorage;
		};
		C34AC95A2BC4075900D8748C /* FirebaseStorageCombine-Community */ = {
			isa = XCSwiftPackageProductDependency;
			package = C34AC9252BC4075900D8748C /* XCRemoteSwiftPackageReference "firebase-ios-sdk" */;
			productName = "FirebaseStorageCombine-Community";
		};
/* End XCSwiftPackageProductDependency section */
	};
	rootObject = C34AC90A2BC3FCCC00D8748C /* Project object */;
}
